
Microsoft Visual Studio Solution File, Format Version 12.00
# Visual Studio Version 16
VisualStudioVersion = 16.0.32901.82
MinimumVisualStudioVersion = 10.0.40219.1
Project("{FAE04EC0-301F-11D3-BF4B-00C04F79EFBC}") = "Calculator", "Calculator\Calculator.csproj", "{5B051146-00BD-4F02-BB56-FAD05830DF8C}"
EndProject
Project("{FAE04EC0-301F-11D3-BF4B-00C04F79EFBC}") = "CalculatorTester", "CalculatorTester\CalculatorTester.csproj", "{9FEA8BA9-0055-48B6-9C4F-1B80F9C92889}"
EndProject
Global
	GlobalSection(SolutionConfigurationPlatforms) = preSolution
		Debug|Any CPU = Debug|Any CPU
		Release|Any CPU = Release|Any CPU
	EndGlobalSection
	GlobalSection(ProjectConfigurationPlatforms) = postSolution
		{5B051146-00BD-4F02-BB56-FAD05830DF8C}.Debug|Any CPU.ActiveCfg = Debug|Any CPU
		{5B051146-00BD-4F02-BB56-FAD05830DF8C}.Debug|Any CPU.Build.0 = Debug|Any CPU
		{5B051146-00BD-4F02-BB56-FAD05830DF8C}.Release|Any CPU.ActiveCfg = Release|Any CPU
		{5B051146-00BD-4F02-BB56-FAD05830DF8C}.Release|Any CPU.Build.0 = Release|Any CPU
		{9FEA8BA9-0055-48B6-9C4F-1B80F9C92889}.Debug|Any CPU.ActiveCfg = Debug|Any CPU
		{9FEA8BA9-0055-48B6-9C4F-1B80F9C92889}.Debug|Any CPU.Build.0 = Debug|Any CPU
		{9FEA8BA9-0055-48B6-9C4F-1B80F9C92889}.Release|Any CPU.ActiveCfg = Release|Any CPU
		{9FEA8BA9-0055-48B6-9C4F-1B80F9C92889}.Release|Any CPU.Build.0 = Release|Any CPU
	EndGlobalSection
	GlobalSection(SolutionProperties) = preSolution
		HideSolutionNode = FALSE
	EndGlobalSection
	GlobalSection(ExtensibilityGlobals) = postSolution
		SolutionGuid = {181E8A30-D278-4C11-9382-09B9ABEF8DDB}
	EndGlobalSection
EndGlobal
